{
    "name": "@rucken/web",
    "version": "1.29.1",
    "lockfileVersion": 1,
    "requires": true,
    "dependencies": {
        "@ngx-translate/core": {
            "version": "9.0.2",
            "resolved": "https://registry.npmjs.org/@ngx-translate/core/-/core-9.0.2.tgz",
            "integrity": "sha1-1Mq4YePqjqFKbfXc10Tf6yn7FeI="
        },
        "@rucken/core": {
            "version": "1.29.1",
            "resolved": "https://registry.npmjs.org/@rucken/core/-/core-1.29.1.tgz",
            "integrity": "sha512-/lWOV0yIXFnF23fyee4unzbdKFe7mntWLXDQJkgJovVAXozOIPDc92A0MIof1DLyMA7WYnHNJGIVvuTuTB1CCg==",
            "requires": {
                "@types/lodash": "4.14.92",
                "lodash": "4.17.4",
                "moment": "2.20.1"
            }
        },
        "@types/lodash": {
            "version": "4.14.92",
            "resolved": "https://registry.npmjs.org/@types/lodash/-/lodash-4.14.92.tgz",
            "integrity": "sha512-cdvY1fyUGYgG7/i07a/sR5PnD6+Z+ljUrD0CNVf0qj645VvEdLNtZPjvCp4siPy3rQ/KRXMfUATIqi3+9x57Sw=="
        },
        "lodash": {
            "version": "4.17.4",
            "resolved": "https://registry.npmjs.org/lodash/-/lodash-4.17.4.tgz",
            "integrity": "sha1-eCA6TRwyiuHYbcpkYONptX9AVa4="
        },
        "moment": {
            "version": "2.20.1",
            "resolved": "https://registry.npmjs.org/moment/-/moment-2.20.1.tgz",
            "integrity": "sha512-Yh9y73JRljxW5QxN08Fner68eFLxM5ynNOAw2LbIB1YAGeQzZT8QFSUvkAz609Zf+IHhhaUxqZK8dG3W/+HEvg=="
        },
        "ngx-bootstrap": {
            "version": "1.9.3",
            "resolved": "https://registry.npmjs.org/ngx-bootstrap/-/ngx-bootstrap-1.9.3.tgz",
            "integrity": "sha512-beoKQGJEFwdg0ctIpGb+vx4PTPkyqHrA5tBAEbnUn7ZlTjjfA6533QYGv3qVoKPDNkkHmLA3lRjWKxEMYepCdg=="
        },
        "text-mask-addons": {
            "version": "3.7.1",
            "resolved": "https://registry.npmjs.org/text-mask-addons/-/text-mask-addons-3.7.1.tgz",
            "integrity": "sha512-mYYwSSL8jsO53XZlSsvhRXnsszPtgYm4G3v0PNhxg8NXjQGGfcswaJs7KMBTSWACyo9++ixqJ3KoNRzf6R+YaQ=="
        }
    }
}
