{
    "name": "@rucken/web",
    "version": "1.29.0",
    "lockfileVersion": 1,
    "requires": true,
    "dependencies": {
        "@ngx-translate/core": {
            "version": "9.0.1",
            "resolved": "https://registry.npmjs.org/@ngx-translate/core/-/core-9.0.1.tgz",
            "integrity": "sha1-AA8thjxMlMgY4UFu9DzKLFwMWEg="
        },
        "@rucken/core": {
            "version": "1.28.2",
            "resolved": "https://registry.npmjs.org/@rucken/core/-/core-1.28.2.tgz",
            "integrity": "sha512-5OWcMdYjnRsUSOiN4dXlcSjpvzlfstkglBoa7eQulJ/gHVIicZvHzbbC4LCIlMxMgu9EZVXaCxs1nQd2o+R/pA==",
            "requires": {
                "@types/lodash": "4.14.88",
                "lodash": "4.17.4",
                "moment": "2.19.4"
            }
        },
        "@types/lodash": {
            "version": "4.14.88",
            "resolved": "https://registry.npmjs.org/@types/lodash/-/lodash-4.14.88.tgz",
            "integrity": "sha512-S+7dONqCP8kXqOPCPxra7Vw8FndWS8pNfVkClMSzRCPMjXkA3BaI3ybMBCiSd4y+r1vC49UEjNthnm+fO8J/dw=="
        },
        "lodash": {
            "version": "4.17.4",
            "resolved": "https://registry.npmjs.org/lodash/-/lodash-4.17.4.tgz",
            "integrity": "sha1-eCA6TRwyiuHYbcpkYONptX9AVa4="
        },
        "moment": {
            "version": "2.19.4",
            "resolved": "https://registry.npmjs.org/moment/-/moment-2.19.4.tgz",
            "integrity": "sha512-1xFTAknSLfc47DIxHDUbnJWC+UwgWxATmymaxIPQpmMh7LBm7ZbwVEsuushqwL2GYZU0jie4xO+TK44hJPjNSQ=="
        },
        "ngx-bootstrap": {
            "version": "1.9.3",
            "resolved": "https://registry.npmjs.org/ngx-bootstrap/-/ngx-bootstrap-1.9.3.tgz",
            "integrity": "sha512-beoKQGJEFwdg0ctIpGb+vx4PTPkyqHrA5tBAEbnUn7ZlTjjfA6533QYGv3qVoKPDNkkHmLA3lRjWKxEMYepCdg=="
        },
        "text-mask-addons": {
            "version": "3.7.1",
            "resolved": "https://registry.npmjs.org/text-mask-addons/-/text-mask-addons-3.7.1.tgz",
            "integrity": "sha512-mYYwSSL8jsO53XZlSsvhRXnsszPtgYm4G3v0PNhxg8NXjQGGfcswaJs7KMBTSWACyo9++ixqJ3KoNRzf6R+YaQ=="
        }
    }
}
