{
    "name": "@rucken/web",
    "version": "1.27.0",
    "lockfileVersion": 1,
    "requires": true,
    "dependencies": {
        "@ngx-translate/core": {
            "version": "8.0.0",
            "resolved": "https://registry.npmjs.org/@ngx-translate/core/-/core-8.0.0.tgz",
            "integrity": "sha1-dR/WtRLYDzp0jS3o38lt/vopr+A="
        },
        "@rucken/core": {
            "version": "1.24.0",
            "resolved": "https://registry.npmjs.org/@rucken/core/-/core-1.24.0.tgz",
            "integrity": "sha512-RvYcKU3JNIOFvFcMSXrdqNFlwvamqS6LeDuhdQCaG0rTDh3utc5BKUqjjBcI5JnTdtF78EoWaX8W+GK5wyDGhQ==",
            "requires": {
                "@types/lodash": "4.14.84",
                "angular2-jwt": "0.2.3",
                "lodash": "4.17.4",
                "moment": "2.19.1"
            }
        },
        "@types/lodash": {
            "version": "4.14.84",
            "resolved": "https://registry.npmjs.org/@types/lodash/-/lodash-4.14.84.tgz",
            "integrity": "sha512-/H8XP/MynVa/drNZGcOanbERIjojY67svoMQTXGWTJvos2iy210HoSZHSllbVJhh8e50kok4dFmCi1Qj9kBPFg=="
        },
        "angular2-jwt": {
            "version": "0.2.3",
            "resolved": "https://registry.npmjs.org/angular2-jwt/-/angular2-jwt-0.2.3.tgz",
            "integrity": "sha1-VO/do87tuoX2o3sWXyKsIrit8CE="
        },
        "lodash": {
            "version": "4.17.4",
            "resolved": "https://registry.npmjs.org/lodash/-/lodash-4.17.4.tgz",
            "integrity": "sha1-eCA6TRwyiuHYbcpkYONptX9AVa4="
        },
        "moment": {
            "version": "2.19.1",
            "resolved": "https://registry.npmjs.org/moment/-/moment-2.19.1.tgz",
            "integrity": "sha1-VtoaLRy/AdOLfhr8McELz6GSkWc="
        },
        "ngx-bootstrap": {
            "version": "1.9.3",
            "resolved": "https://registry.npmjs.org/ngx-bootstrap/-/ngx-bootstrap-1.9.3.tgz",
            "integrity": "sha512-beoKQGJEFwdg0ctIpGb+vx4PTPkyqHrA5tBAEbnUn7ZlTjjfA6533QYGv3qVoKPDNkkHmLA3lRjWKxEMYepCdg=="
        },
        "text-mask-addons": {
            "version": "3.7.1",
            "resolved": "https://registry.npmjs.org/text-mask-addons/-/text-mask-addons-3.7.1.tgz",
            "integrity": "sha512-mYYwSSL8jsO53XZlSsvhRXnsszPtgYm4G3v0PNhxg8NXjQGGfcswaJs7KMBTSWACyo9++ixqJ3KoNRzf6R+YaQ=="
        }
    }
}
