{
    "name": "@rucken/core",
    "version": "1.18.2",
    "lockfileVersion": 1,
    "requires": true,
    "dependencies": {
        "@types/lodash": {
            "version": "4.14.77",
            "resolved": "https://registry.npmjs.org/@types/lodash/-/lodash-4.14.77.tgz",
            "integrity": "sha512-sRCTcVQkIiQqRoQcazgN2PvRLS7d9BnSl8elRZR5UYlpm6XgU8F4j/0csz8WoaKKTUqa6rSuOy3Vph7AHfX7KQ=="
        },
        "angular2-jwt": {
            "version": "0.2.3",
            "resolved": "https://registry.npmjs.org/angular2-jwt/-/angular2-jwt-0.2.3.tgz",
            "integrity": "sha1-VO/do87tuoX2o3sWXyKsIrit8CE="
        },
        "lodash": {
            "version": "4.17.4",
            "resolved": "https://registry.npmjs.org/lodash/-/lodash-4.17.4.tgz",
            "integrity": "sha1-eCA6TRwyiuHYbcpkYONptX9AVa4="
        },
        "moment": {
            "version": "2.19.1",
            "resolved": "https://registry.npmjs.org/moment/-/moment-2.19.1.tgz",
            "integrity": "sha1-VtoaLRy/AdOLfhr8McELz6GSkWc="
        }
    }
}
