{
    "name": "@rucken/core",
    "version": "1.25.1",
    "lockfileVersion": 1,
    "requires": true,
    "dependencies": {
        "@types/lodash": {
            "version": "4.14.84",
            "resolved": "https://registry.npmjs.org/@types/lodash/-/lodash-4.14.84.tgz",
            "integrity": "sha512-/H8XP/MynVa/drNZGcOanbERIjojY67svoMQTXGWTJvos2iy210HoSZHSllbVJhh8e50kok4dFmCi1Qj9kBPFg=="
        },
        "lodash": {
            "version": "4.17.4",
            "resolved": "https://registry.npmjs.org/lodash/-/lodash-4.17.4.tgz",
            "integrity": "sha1-eCA6TRwyiuHYbcpkYONptX9AVa4="
        },
        "moment": {
            "version": "2.19.1",
            "resolved": "https://registry.npmjs.org/moment/-/moment-2.19.1.tgz",
            "integrity": "sha1-VtoaLRy/AdOLfhr8McELz6GSkWc="
        }
    }
}
