{
    "name": "@rucken/core",
    "version": "1.29.1",
    "lockfileVersion": 1,
    "requires": true,
    "dependencies": {
        "@types/lodash": {
            "version": "4.14.92",
            "resolved": "https://registry.npmjs.org/@types/lodash/-/lodash-4.14.92.tgz",
            "integrity": "sha512-cdvY1fyUGYgG7/i07a/sR5PnD6+Z+ljUrD0CNVf0qj645VvEdLNtZPjvCp4siPy3rQ/KRXMfUATIqi3+9x57Sw=="
        },
        "lodash": {
            "version": "4.17.4",
            "resolved": "https://registry.npmjs.org/lodash/-/lodash-4.17.4.tgz",
            "integrity": "sha1-eCA6TRwyiuHYbcpkYONptX9AVa4="
        },
        "moment": {
            "version": "2.20.1",
            "resolved": "https://registry.npmjs.org/moment/-/moment-2.20.1.tgz",
            "integrity": "sha512-Yh9y73JRljxW5QxN08Fner68eFLxM5ynNOAw2LbIB1YAGeQzZT8QFSUvkAz609Zf+IHhhaUxqZK8dG3W/+HEvg=="
        }
    }
}
